{
	"name": "sleep-notes-parser",
	"version": "1.0.0",
	"lockfileVersion": 1,
	"requires": true,
	"dependencies": {
		"tree-sitter-cli": {
			"version": "0.15.12",
			"resolved": "https://registry.npmjs.org/tree-sitter-cli/-/tree-sitter-cli-0.15.12.tgz",
			"integrity": "sha512-whqR0cagQkuLzSjz3NprHUSjORWZ3+xDa7S+fF+kFxz6/ZqRGIYpErDCWvfETDBiGtbuiQyUoJolQSzLC72lqQ==",
			"dev": true
		},
		"web-tree-sitter": {
			"version": "0.15.10",
			"resolved": "https://registry.npmjs.org/web-tree-sitter/-/web-tree-sitter-0.15.10.tgz",
			"integrity": "sha512-8utowZB5h5djbotf1umt4na9Vt6Q18ZICUeC9jW4qWWjUrtQ2xvxDuAJ+EibmqUJBAKATrDMXnY2xYaskGg8wg=="
		}
	}
}
